
Microsoft Visual Studio Solution File, Format Version 12.00
# Visual Studio 15
VisualStudioVersion = 15.0.27703.2042
MinimumVisualStudioVersion = 10.0.40219.1
Project("{FAE04EC0-301F-11D3-BF4B-00C04F79EFBC}") = "A-4-Garbage-Collection", "A-4-Garbage-Collection\A-4-Garbage-Collection.csproj", "{0E80823E-76EE-410E-9EB5-49CB7B72EB07}"
EndProject
Global
	GlobalSection(SolutionConfigurationPlatforms) = preSolution
		Debug|Any CPU = Debug|Any CPU
		Release|Any CPU = Release|Any CPU
	EndGlobalSection
	GlobalSection(ProjectConfigurationPlatforms) = postSolution
		{0E80823E-76EE-410E-9EB5-49CB7B72EB07}.Debug|Any CPU.ActiveCfg = Debug|Any CPU
		{0E80823E-76EE-410E-9EB5-49CB7B72EB07}.Debug|Any CPU.Build.0 = Debug|Any CPU
		{0E80823E-76EE-410E-9EB5-49CB7B72EB07}.Release|Any CPU.ActiveCfg = Release|Any CPU
		{0E80823E-76EE-410E-9EB5-49CB7B72EB07}.Release|Any CPU.Build.0 = Release|Any CPU
	EndGlobalSection
	GlobalSection(SolutionProperties) = preSolution
		HideSolutionNode = FALSE
	EndGlobalSection
	GlobalSection(ExtensibilityGlobals) = postSolution
		SolutionGuid = {C59D37C6-7C5C-4397-A160-5E39E6908F48}
	EndGlobalSection
EndGlobal
