
Microsoft Visual Studio Solution File, Format Version 12.00
# Visual Studio 15
VisualStudioVersion = 15.0.27703.2042
MinimumVisualStudioVersion = 10.0.40219.1
Project("{FAE04EC0-301F-11D3-BF4B-00C04F79EFBC}") = "AL8-Multithreading", "AL8-Multithreading\AL8-Multithreading.csproj", "{BF83C572-6F70-4E76-990C-F407084CB4A3}"
EndProject
Project("{FAE04EC0-301F-11D3-BF4B-00C04F79EFBC}") = "AL8-AppDomain-Player", "AL8-AppDomain-Player\AL8-AppDomain-Player.csproj", "{408FF405-EFFF-4F90-B1D8-D5BD1A3721C7}"
EndProject
Project("{FAE04EC0-301F-11D3-BF4B-00C04F79EFBC}") = "AL8-Diagnostic", "AL8-Diagnostic\AL8-Diagnostic.csproj", "{3FC25819-5B73-48A3-9704-25E803A513CD}"
EndProject
Global
	GlobalSection(SolutionConfigurationPlatforms) = preSolution
		Debug|Any CPU = Debug|Any CPU
		Release|Any CPU = Release|Any CPU
	EndGlobalSection
	GlobalSection(ProjectConfigurationPlatforms) = postSolution
		{BF83C572-6F70-4E76-990C-F407084CB4A3}.Debug|Any CPU.ActiveCfg = Debug|Any CPU
		{BF83C572-6F70-4E76-990C-F407084CB4A3}.Debug|Any CPU.Build.0 = Debug|Any CPU
		{BF83C572-6F70-4E76-990C-F407084CB4A3}.Release|Any CPU.ActiveCfg = Release|Any CPU
		{BF83C572-6F70-4E76-990C-F407084CB4A3}.Release|Any CPU.Build.0 = Release|Any CPU
		{408FF405-EFFF-4F90-B1D8-D5BD1A3721C7}.Debug|Any CPU.ActiveCfg = Debug|Any CPU
		{408FF405-EFFF-4F90-B1D8-D5BD1A3721C7}.Debug|Any CPU.Build.0 = Debug|Any CPU
		{408FF405-EFFF-4F90-B1D8-D5BD1A3721C7}.Release|Any CPU.ActiveCfg = Release|Any CPU
		{408FF405-EFFF-4F90-B1D8-D5BD1A3721C7}.Release|Any CPU.Build.0 = Release|Any CPU
		{3FC25819-5B73-48A3-9704-25E803A513CD}.Debug|Any CPU.ActiveCfg = Debug|Any CPU
		{3FC25819-5B73-48A3-9704-25E803A513CD}.Debug|Any CPU.Build.0 = Debug|Any CPU
		{3FC25819-5B73-48A3-9704-25E803A513CD}.Release|Any CPU.ActiveCfg = Release|Any CPU
		{3FC25819-5B73-48A3-9704-25E803A513CD}.Release|Any CPU.Build.0 = Release|Any CPU
	EndGlobalSection
	GlobalSection(SolutionProperties) = preSolution
		HideSolutionNode = FALSE
	EndGlobalSection
	GlobalSection(ExtensibilityGlobals) = postSolution
		SolutionGuid = {03656981-6A5D-4A72-99B5-514D9EEA7C37}
	EndGlobalSection
EndGlobal
